
Microsoft Visual Studio Solution File, Format Version 12.00
# Visual Studio Version 17
VisualStudioVersion = 17.14.36429.23
MinimumVisualStudioVersion = 10.0.40219.1
Project("{FAE04EC0-301F-11D3-BF4B-00C04F79EFBC}") = "PackageTrackingApp.Api", "PackageTrackingApp.Api.csproj", "{86C0F3EE-B41F-420E-A45A-BD5102C39B59}"
EndProject
Project("{FAE04EC0-301F-11D3-BF4B-00C04F79EFBC}") = "PackageTrackingApp.Data", "..\PackageTrackingApp.Data\PackageTrackingApp.Data.csproj", "{D7750D38-073F-4638-8B31-66A511C48438}"
EndProject
Project("{FAE04EC0-301F-11D3-BF4B-00C04F79EFBC}") = "PackageTrackingApp.Domain", "..\PackageTrackingApp.Domain\PackageTrackingApp.Domain.csproj", "{423D0EF3-7C8D-4722-956A-31A65AFE8900}"
EndProject
Project("{FAE04EC0-301F-11D3-BF4B-00C04F79EFBC}") = "PackageTrackingApp.Service", "..\PackageTrackingApp.Service\PackageTrackingApp.Service.csproj", "{F2DE459D-C9B8-4A6A-9675-4B8AA74B5C75}"
EndProject
Project("{2150E333-8FDC-42A3-9474-1A3956D46DE8}") = "src", "src", "{02EA681E-C7D8-13C7-8484-4AC65E1B71E8}"
	ProjectSection(SolutionItems) = preProject
		.gitignore = .gitignore
	EndProjectSection
EndProject
Project("{FAE04EC0-301F-11D3-BF4B-00C04F79EFBC}") = "Tests", "..\..\Tests\Tests.csproj", "{2067EEFF-CE4D-4835-B9B5-8EFBBAADBEB4}"
EndProject
Global
	GlobalSection(SolutionConfigurationPlatforms) = preSolution
		Debug|Any CPU = Debug|Any CPU
		Release|Any CPU = Release|Any CPU
	EndGlobalSection
	GlobalSection(ProjectConfigurationPlatforms) = postSolution
		{86C0F3EE-B41F-420E-A45A-BD5102C39B59}.Debug|Any CPU.ActiveCfg = Debug|Any CPU
		{86C0F3EE-B41F-420E-A45A-BD5102C39B59}.Debug|Any CPU.Build.0 = Debug|Any CPU
		{86C0F3EE-B41F-420E-A45A-BD5102C39B59}.Release|Any CPU.ActiveCfg = Release|Any CPU
		{86C0F3EE-B41F-420E-A45A-BD5102C39B59}.Release|Any CPU.Build.0 = Release|Any CPU
		{D7750D38-073F-4638-8B31-66A511C48438}.Debug|Any CPU.ActiveCfg = Debug|Any CPU
		{D7750D38-073F-4638-8B31-66A511C48438}.Debug|Any CPU.Build.0 = Debug|Any CPU
		{D7750D38-073F-4638-8B31-66A511C48438}.Release|Any CPU.ActiveCfg = Release|Any CPU
		{D7750D38-073F-4638-8B31-66A511C48438}.Release|Any CPU.Build.0 = Release|Any CPU
		{423D0EF3-7C8D-4722-956A-31A65AFE8900}.Debug|Any CPU.ActiveCfg = Debug|Any CPU
		{423D0EF3-7C8D-4722-956A-31A65AFE8900}.Debug|Any CPU.Build.0 = Debug|Any CPU
		{423D0EF3-7C8D-4722-956A-31A65AFE8900}.Release|Any CPU.ActiveCfg = Release|Any CPU
		{423D0EF3-7C8D-4722-956A-31A65AFE8900}.Release|Any CPU.Build.0 = Release|Any CPU
		{F2DE459D-C9B8-4A6A-9675-4B8AA74B5C75}.Debug|Any CPU.ActiveCfg = Debug|Any CPU
		{F2DE459D-C9B8-4A6A-9675-4B8AA74B5C75}.Debug|Any CPU.Build.0 = Debug|Any CPU
		{F2DE459D-C9B8-4A6A-9675-4B8AA74B5C75}.Release|Any CPU.ActiveCfg = Release|Any CPU
		{F2DE459D-C9B8-4A6A-9675-4B8AA74B5C75}.Release|Any CPU.Build.0 = Release|Any CPU
		{2067EEFF-CE4D-4835-B9B5-8EFBBAADBEB4}.Debug|Any CPU.ActiveCfg = Debug|Any CPU
		{2067EEFF-CE4D-4835-B9B5-8EFBBAADBEB4}.Debug|Any CPU.Build.0 = Debug|Any CPU
		{2067EEFF-CE4D-4835-B9B5-8EFBBAADBEB4}.Release|Any CPU.ActiveCfg = Release|Any CPU
		{2067EEFF-CE4D-4835-B9B5-8EFBBAADBEB4}.Release|Any CPU.Build.0 = Release|Any CPU
	EndGlobalSection
	GlobalSection(SolutionProperties) = preSolution
		HideSolutionNode = FALSE
	EndGlobalSection
	GlobalSection(NestedProjects) = preSolution
		{86C0F3EE-B41F-420E-A45A-BD5102C39B59} = {02EA681E-C7D8-13C7-8484-4AC65E1B71E8}
		{D7750D38-073F-4638-8B31-66A511C48438} = {02EA681E-C7D8-13C7-8484-4AC65E1B71E8}
		{423D0EF3-7C8D-4722-956A-31A65AFE8900} = {02EA681E-C7D8-13C7-8484-4AC65E1B71E8}
		{F2DE459D-C9B8-4A6A-9675-4B8AA74B5C75} = {02EA681E-C7D8-13C7-8484-4AC65E1B71E8}
	EndGlobalSection
	GlobalSection(ExtensibilityGlobals) = postSolution
		SolutionGuid = {311DB1B1-C0B5-412F-BBA0-A18DBAB2EDF9}
	EndGlobalSection
EndGlobal
